// !$*UTF8*$!
{
	archiveVersion = 1;
	classes = {
	};
	objectVersion = 46;
	objects = {

/* Begin PBXBuildFile section */
		E5420A081EAD40FC00D23A0A /* AppDelegate.swift in Sources */ = {isa = PBXBuildFile; fileRef = E5420A071EAD40FC00D23A0A /* AppDelegate.swift */; };
		E5420A0A1EAD40FC00D23A0A /* ViewController.swift in Sources */ = {isa = PBXBuildFile; fileRef = E5420A091EAD40FC00D23A0A /* ViewController.swift */; };
		E5420A0D1EAD40FC00D23A0A /* Main.storyboard in Resources */ = {isa = PBXBuildFile; fileRef = E5420A0B1EAD40FC00D23A0A /* Main.storyboard */; };
		E5420A0F1EAD40FC00D23A0A /* Assets.xcassets in Resources */ = {isa = PBXBuildFile; fileRef = E5420A0E1EAD40FC00D23A0A /* Assets.xcassets */; };
		E5420A121EAD40FC00D23A0A /* LaunchScreen.storyboard in Resources */ = {isa = PBXBuildFile; fileRef = E5420A101EAD40FC00D23A0A /* LaunchScreen.storyboard */; };
		E5420A1E1EAD46DD00D23A0A /* ColoresStruct.swift in Sources */ = {isa = PBXBuildFile; fileRef = E5420A1D1EAD46DD00D23A0A /* ColoresStruct.swift */; };
/* End PBXBuildFile section */

/* Begin PBXFileReference section */
		E5420A041EAD40FC00D23A0A /* Liliana Hamburguesas.app */ = {isa = PBXFileReference; explicitFileType = wrapper.application; includeInIndex = 0; path = "Liliana Hamburguesas.app"; sourceTree = BUILT_PRODUCTS_DIR; };
		E5420A071EAD40FC00D23A0A /* AppDelegate.swift */ = {isa = PBXFileReference; lastKnownFileType = sourcecode.swift; path = AppDelegate.swift; sourceTree = "<group>"; };
		E5420A091EAD40FC00D23A0A /* ViewController.swift */ = {isa = PBXFileReference; lastKnownFileType = sourcecode.swift; path = ViewController.swift; sourceTree = "<group>"; };
		E5420A0C1EAD40FC00D23A0A /* Base */ = {isa = PBXFileReference; lastKnownFileType = file.storyboard; name = Base; path = Base.lproj/Main.storyboard; sourceTree = "<group>"; };
		E5420A0E1EAD40FC00D23A0A /* Assets.xcassets */ = {isa = PBXFileReference; lastKnownFileType = folder.assetcatalog; path = Assets.xcassets; sourceTree = "<group>"; };
		E5420A111EAD40FC00D23A0A /* Base */ = {isa = PBXFileReference; lastKnownFileType = file.storyboard; name = Base; path = Base.lproj/LaunchScreen.storyboard; sourceTree = "<group>"; };
		E5420A131EAD40FC00D23A0A /* Info.plist */ = {isa = PBXFileReference; lastKnownFileType = text.plist.xml; path = Info.plist; sourceTree = "<group>"; };
		E5420A191EAD410B00D23A0A /* MyPlayground.playground */ = {isa = PBXFileReference; lastKnownFileType = file.playground; path = MyPlayground.playground; sourceTree = "<group>"; };
		E5420A1D1EAD46DD00D23A0A /* ColoresStruct.swift */ = {isa = PBXFileReference; fileEncoding = 4; lastKnownFileType = sourcecode.swift; path = ColoresStruct.swift; sourceTree = "<group>"; };
/* End PBXFileReference section */

/* Begin PBXFrameworksBuildPhase section */
		E5420A011EAD40FC00D23A0A /* Frameworks */ = {
			isa = PBXFrameworksBuildPhase;
			buildActionMask = 2147483647;
			files = (
			);
			runOnlyForDeploymentPostprocessing = 0;
		};
/* End PBXFrameworksBuildPhase section */

/* Begin PBXGroup section */
		E54209FB1EAD40FC00D23A0A = {
			isa = PBXGroup;
			children = (
				E5420A061EAD40FC00D23A0A /* Liliana Hamburguesas */,
				E5420A051EAD40FC00D23A0A /* Products */,
			);
			sourceTree = "<group>";
		};
		E5420A051EAD40FC00D23A0A /* Products */ = {
			isa = PBXGroup;
			children = (
				E5420A041EAD40FC00D23A0A /* Liliana Hamburguesas.app */,
			);
			name = Products;
			sourceTree = "<group>";
		};
		E5420A061EAD40FC00D23A0A /* Liliana Hamburguesas */ = {
			isa = PBXGroup;
			children = (
				E5420A071EAD40FC00D23A0A /* AppDelegate.swift */,
				E5420A091EAD40FC00D23A0A /* ViewController.swift */,
				E5420A0B1EAD40FC00D23A0A /* Main.storyboard */,
				E5420A0E1EAD40FC00D23A0A /* Assets.xcassets */,
				E5420A101EAD40FC00D23A0A /* LaunchScreen.storyboard */,
				E5420A131EAD40FC00D23A0A /* Info.plist */,
				E5420A1C1EAD411B00D23A0A /* Playgrounds */,
				E5420A1D1EAD46DD00D23A0A /* ColoresStruct.swift */,
			);
			path = "Liliana Hamburguesas";
			sourceTree = "<group>";
		};
		E5420A1C1EAD411B00D23A0A /* Playgrounds */ = {
			isa = PBXGroup;
			children = (
				E5420A191EAD410B00D23A0A /* MyPlayground.playground */,
			);
			name = Playgrounds;
			sourceTree = "<group>";
		};
/* End PBXGroup section */

/* Begin PBXNativeTarget section */
		E5420A031EAD40FC00D23A0A /* Liliana Hamburguesas */ = {
			isa = PBXNativeTarget;
			buildConfigurationList = E5420A161EAD40FC00D23A0A /* Build configuration list for PBXNativeTarget "Liliana Hamburguesas" */;
			buildPhases = (
				E5420A001EAD40FC00D23A0A /* Sources */,
				E5420A011EAD40FC00D23A0A /* Frameworks */,
				E5420A021EAD40FC00D23A0A /* Resources */,
			);
			buildRules = (
			);
			dependencies = (
			);
			name = "Liliana Hamburguesas";
			productName = "Liliana Hamburguesas";
			productReference = E5420A041EAD40FC00D23A0A /* Liliana Hamburguesas.app */;
			productType = "com.apple.product-type.application";
		};
/* End PBXNativeTarget section */

/* Begin PBXProject section */
		E54209FC1EAD40FC00D23A0A /* Project object */ = {
			isa = PBXProject;
			attributes = {
				LastSwiftUpdateCheck = 0830;
				LastUpgradeCheck = 0830;
				ORGANIZATIONNAME = Liliana;
				TargetAttributes = {
					E5420A031EAD40FC00D23A0A = {
						CreatedOnToolsVersion = 8.3;
						DevelopmentTeam = EJHKBW9R6S;
						ProvisioningStyle = Automatic;
					};
				};
			};
			buildConfigurationList = E54209FF1EAD40FC00D23A0A /* Build configuration list for PBXProject "Liliana Hamburguesas" */;
			compatibilityVersion = "Xcode 3.2";
			developmentRegion = English;
			hasScannedForEncodings = 0;
			knownRegions = (
				en,
				Base,
			);
			mainGroup = E54209FB1EAD40FC00D23A0A;
			productRefGroup = E5420A051EAD40FC00D23A0A /* Products */;
			projectDirPath = "";
			projectRoot = "";
			targets = (
				E5420A031EAD40FC00D23A0A /* Liliana Hamburguesas */,
			);
		};
/* End PBXProject section */

/* Begin PBXResourcesBuildPhase section */
		E5420A021EAD40FC00D23A0A /* Resources */ = {
			isa = PBXResourcesBuildPhase;
			buildActionMask = 2147483647;
			files = (
				E5420A121EAD40FC00D23A0A /* LaunchScreen.storyboard in Resources */,
				E5420A0F1EAD40FC00D23A0A /* Assets.xcassets in Resources */,
				E5420A0D1EAD40FC00D23A0A /* Main.storyboard in Resources */,
			);
			runOnlyForDeploymentPostprocessing = 0;
		};
/* End PBXResourcesBuildPhase section */

/* Begin PBXSourcesBuildPhase section */
		E5420A001EAD40FC00D23A0A /* Sources */ = {
			isa = PBXSourcesBuildPhase;
			buildActionMask = 2147483647;
			files = (
				E5420A0A1EAD40FC00D23A0A /* ViewController.swift in Sources */,
				E5420A1E1EAD46DD00D23A0A /* ColoresStruct.swift in Sources */,
				E5420A081EAD40FC00D23A0A /* AppDelegate.swift in Sources */,
			);
			runOnlyForDeploymentPostprocessing = 0;
		};
/* End PBXSourcesBuildPhase section */

/* Begin PBXVariantGroup section */
		E5420A0B1EAD40FC00D23A0A /* Main.storyboard */ = {
			isa = PBXVariantGroup;
			children = (
				E5420A0C1EAD40FC00D23A0A /* Base */,
			);
			name = Main.storyboard;
			sourceTree = "<group>";
		};
		E5420A101EAD40FC00D23A0A /* LaunchScreen.storyboard */ = {
			isa = PBXVariantGroup;
			children = (
				E5420A111EAD40FC00D23A0A /* Base */,
			);
			name = LaunchScreen.storyboard;
			sourceTree = "<group>";
		};
/* End PBXVariantGroup section */

/* Begin XCBuildConfiguration section */
		E5420A141EAD40FC00D23A0A /* Debug */ = {
			isa = XCBuildConfiguration;
			buildSettings = {
				ALWAYS_SEARCH_USER_PATHS = NO;
				CLANG_ANALYZER_NONNULL = YES;
				CLANG_ANALYZER_NUMBER_OBJECT_CONVERSION = YES_AGGRESSIVE;
				CLANG_CXX_LANGUAGE_STANDARD = "gnu++0x";
				CLANG_CXX_LIBRARY = "libc++";
				CLANG_ENABLE_MODULES = YES;
				CLANG_ENABLE_OBJC_ARC = YES;
				CLANG_WARN_BOOL_CONVERSION = YES;
				CLANG_WARN_CONSTANT_CONVERSION = YES;
				CLANG_WARN_DIRECT_OBJC_ISA_USAGE = YES_ERROR;
				CLANG_WARN_DOCUMENTATION_COMMENTS = YES;
				CLANG_WARN_EMPTY_BODY = YES;
				CLANG_WARN_ENUM_CONVERSION = YES;
				CLANG_WARN_INFINITE_RECURSION = YES;
				CLANG_WARN_INT_CONVERSION = YES;
				CLANG_WARN_OBJC_ROOT_CLASS = YES_ERROR;
				CLANG_WARN_SUSPICIOUS_MOVE = YES;
				CLANG_WARN_UNREACHABLE_CODE = YES;
				CLANG_WARN__DUPLICATE_METHOD_MATCH = YES;
				"CODE_SIGN_IDENTITY[sdk=iphoneos*]" = "iPhone Developer";
				COPY_PHASE_STRIP = NO;
				DEBUG_INFORMATION_FORMAT = dwarf;
				ENABLE_STRICT_OBJC_MSGSEND = YES;
				ENABLE_TESTABILITY = YES;
				GCC_C_LANGUAGE_STANDARD = gnu99;
				GCC_DYNAMIC_NO_PIC = NO;
				GCC_NO_COMMON_BLOCKS = YES;
				GCC_OPTIMIZATION_LEVEL = 0;
				GCC_PREPROCESSOR_DEFINITIONS = (
					"DEBUG=1",
					"$(inherited)",
				);
				GCC_WARN_64_TO_32_BIT_CONVERSION = YES;
				GCC_WARN_ABOUT_RETURN_TYPE = YES_ERROR;
				GCC_WARN_UNDECLARED_SELECTOR = YES;
				GCC_WARN_UNINITIALIZED_AUTOS = YES_AGGRESSIVE;
				GCC_WARN_UNUSED_FUNCTION = YES;
				GCC_WARN_UNUSED_VARIABLE = YES;
				IPHONEOS_DEPLOYMENT_TARGET = 10.3;
				MTL_ENABLE_DEBUG_INFO = YES;
				ONLY_ACTIVE_ARCH = YES;
				SDKROOT = iphoneos;
				SWIFT_ACTIVE_COMPILATION_CONDITIONS = DEBUG;
				SWIFT_OPTIMIZATION_LEVEL = "-Onone";
			};
			name = Debug;
		};
		E5420A151EAD40FC00D23A0A /* Release */ = {
			isa = XCBuildConfiguration;
			buildSettings = {
				ALWAYS_SEARCH_USER_PATHS = NO;
				CLANG_ANALYZER_NONNULL = YES;
				CLANG_ANALYZER_NUMBER_OBJECT_CONVERSION = YES_AGGRESSIVE;
				CLANG_CXX_LANGUAGE_STANDARD = "gnu++0x";
				CLANG_CXX_LIBRARY = "libc++";
				CLANG_ENABLE_MODULES = YES;
				CLANG_ENABLE_OBJC_ARC = YES;
				CLANG_WARN_BOOL_CONVERSION = YES;
				CLANG_WARN_CONSTANT_CONVERSION = YES;
				CLANG_WARN_DIRECT_OBJC_ISA_USAGE = YES_ERROR;
				CLANG_WARN_DOCUMENTATION_COMMENTS = YES;
				CLANG_WARN_EMPTY_BODY = YES;
				CLANG_WARN_ENUM_CONVERSION = YES;
				CLANG_WARN_INFINITE_RECURSION = YES;
				CLANG_WARN_INT_CONVERSION = YES;
				CLANG_WARN_OBJC_ROOT_CLASS = YES_ERROR;
				CLANG_WARN_SUSPICIOUS_MOVE = YES;
				CLANG_WARN_UNREACHABLE_CODE = YES;
				CLANG_WARN__DUPLICATE_METHOD_MATCH = YES;
				"CODE_SIGN_IDENTITY[sdk=iphoneos*]" = "iPhone Developer";
				COPY_PHASE_STRIP = NO;
				DEBUG_INFORMATION_FORMAT = "dwarf-with-dsym";
				ENABLE_NS_ASSERTIONS = NO;
				ENABLE_STRICT_OBJC_MSGSEND = YES;
				GCC_C_LANGUAGE_STANDARD = gnu99;
				GCC_NO_COMMON_BLOCKS = YES;
				GCC_WARN_64_TO_32_BIT_CONVERSION = YES;
				GCC_WARN_ABOUT_RETURN_TYPE = YES_ERROR;
				GCC_WARN_UNDECLARED_SELECTOR = YES;
				GCC_WARN_UNINITIALIZED_AUTOS = YES_AGGRESSIVE;
				GCC_WARN_UNUSED_FUNCTION = YES;
				GCC_WARN_UNUSED_VARIABLE = YES;
				IPHONEOS_DEPLOYMENT_TARGET = 10.3;
				MTL_ENABLE_DEBUG_INFO = NO;
				SDKROOT = iphoneos;
				SWIFT_OPTIMIZATION_LEVEL = "-Owholemodule";
				VALIDATE_PRODUCT = YES;
			};
			name = Release;
		};
		E5420A171EAD40FC00D23A0A /* Debug */ = {
			isa = XCBuildConfiguration;
			buildSettings = {
				ASSETCATALOG_COMPILER_APPICON_NAME = AppIcon;
				DEVELOPMENT_TEAM = EJHKBW9R6S;
				INFOPLIST_FILE = "Liliana Hamburguesas/Info.plist";
				LD_RUNPATH_SEARCH_PATHS = "$(inherited) @executable_path/Frameworks";
				PRODUCT_BUNDLE_IDENTIFIER = "Liliana.Liliana-Hamburguesas";
				PRODUCT_NAME = "$(TARGET_NAME)";
				SWIFT_VERSION = 3.0;
			};
			name = Debug;
		};
		E5420A181EAD40FC00D23A0A /* Release */ = {
			isa = XCBuildConfiguration;
			buildSettings = {
				ASSETCATALOG_COMPILER_APPICON_NAME = AppIcon;
				DEVELOPMENT_TEAM = EJHKBW9R6S;
				INFOPLIST_FILE = "Liliana Hamburguesas/Info.plist";
				LD_RUNPATH_SEARCH_PATHS = "$(inherited) @executable_path/Frameworks";
				PRODUCT_BUNDLE_IDENTIFIER = "Liliana.Liliana-Hamburguesas";
				PRODUCT_NAME = "$(TARGET_NAME)";
				SWIFT_VERSION = 3.0;
			};
			name = Release;
		};
/* End XCBuildConfiguration section */

/* Begin XCConfigurationList section */
		E54209FF1EAD40FC00D23A0A /* Build configuration list for PBXProject "Liliana Hamburguesas" */ = {
			isa = XCConfigurationList;
			buildConfigurations = (
				E5420A141EAD40FC00D23A0A /* Debug */,
				E5420A151EAD40FC00D23A0A /* Release */,
			);
			defaultConfigurationIsVisible = 0;
			defaultConfigurationName = Release;
		};
		E5420A161EAD40FC00D23A0A /* Build configuration list for PBXNativeTarget "Liliana Hamburguesas" */ = {
			isa = XCConfigurationList;
			buildConfigurations = (
				E5420A171EAD40FC00D23A0A /* Debug */,
				E5420A181EAD40FC00D23A0A /* Release */,
			);
			defaultConfigurationIsVisible = 0;
		};
/* End XCConfigurationList section */
	};
	rootObject = E54209FC1EAD40FC00D23A0A /* Project object */;
}
